
Microsoft Visual Studio Solution File, Format Version 12.00
# Visual Studio Version 17
VisualStudioVersion = 17.0.31717.71
MinimumVisualStudioVersion = 10.0.40219.1
Project("{FAE04EC0-301F-11D3-BF4B-00C04F79EFBC}") = "ShopsPages", "ShopsPages\ShopsPages.csproj", "{CBDCDE01-2121-4739-B5D9-6F75C6D215D1}"
EndProject
Global
	GlobalSection(SolutionConfigurationPlatforms) = preSolution
		Debug|Any CPU = Debug|Any CPU
		Release|Any CPU = Release|Any CPU
	EndGlobalSection
	GlobalSection(ProjectConfigurationPlatforms) = postSolution
		{CBDCDE01-2121-4739-B5D9-6F75C6D215D1}.Debug|Any CPU.ActiveCfg = Debug|Any CPU
		{CBDCDE01-2121-4739-B5D9-6F75C6D215D1}.Debug|Any CPU.Build.0 = Debug|Any CPU
		{CBDCDE01-2121-4739-B5D9-6F75C6D215D1}.Release|Any CPU.ActiveCfg = Release|Any CPU
		{CBDCDE01-2121-4739-B5D9-6F75C6D215D1}.Release|Any CPU.Build.0 = Release|Any CPU
	EndGlobalSection
	GlobalSection(SolutionProperties) = preSolution
		HideSolutionNode = FALSE
	EndGlobalSection
	GlobalSection(ExtensibilityGlobals) = postSolution
		SolutionGuid = {79CFEF2E-EDF6-47B6-944A-6ED7B2B06C07}
	EndGlobalSection
EndGlobal
